{
  "name": "node",
  "version": "1.0.0",
  "lockfileVersion": 2,
  "requires": true,
  "packages": {
    "": {
      "name": "node",
      "version": "1.0.0",
      "license": "ISC",
      "dependencies": {
        "binaryen": "^103.0.0"
      }
    },
    "node_modules/binaryen": {
      "version": "103.0.0",
      "resolved": "https://registry.npmjs.org/binaryen/-/binaryen-103.0.0.tgz",
      "integrity": "sha512-dejnXckPWetpBYc021d1hnbM8tECz7cjACKhJWEQEtiqTarYMqLLzH20AthjMgblnySkcRUzEMXbeWPI7UYTQw==",
      "bin": {
        "wasm-opt": "bin/wasm-opt",
        "wasm2js": "bin/wasm2js"
      }
    }
  },
  "dependencies": {
    "binaryen": {
      "version": "103.0.0",
      "resolved": "https://registry.npmjs.org/binaryen/-/binaryen-103.0.0.tgz",
      "integrity": "sha512-dejnXckPWetpBYc021d1hnbM8tECz7cjACKhJWEQEtiqTarYMqLLzH20AthjMgblnySkcRUzEMXbeWPI7UYTQw=="
    }
  }
}
